
Microsoft Visual Studio Solution File, Format Version 12.00
# Visual Studio Version 17
VisualStudioVersion = 17.8.34408.163
MinimumVisualStudioVersion = 10.0.40219.1
Project("{F184B08F-C81C-45F6-A57F-5ABD9991F28F}") = "CRUD VB", "CRUD VB.vbproj", "{062F4366-1E97-45C2-B320-CA1CFEFC1935}"
EndProject
Global
	GlobalSection(SolutionConfigurationPlatforms) = preSolution
		Debug|Any CPU = Debug|Any CPU
		Release|Any CPU = Release|Any CPU
	EndGlobalSection
	GlobalSection(ProjectConfigurationPlatforms) = postSolution
		{062F4366-1E97-45C2-B320-CA1CFEFC1935}.Debug|Any CPU.ActiveCfg = Debug|Any CPU
		{062F4366-1E97-45C2-B320-CA1CFEFC1935}.Debug|Any CPU.Build.0 = Debug|Any CPU
		{062F4366-1E97-45C2-B320-CA1CFEFC1935}.Release|Any CPU.ActiveCfg = Release|Any CPU
		{062F4366-1E97-45C2-B320-CA1CFEFC1935}.Release|Any CPU.Build.0 = Release|Any CPU
	EndGlobalSection
	GlobalSection(SolutionProperties) = preSolution
		HideSolutionNode = FALSE
	EndGlobalSection
	GlobalSection(ExtensibilityGlobals) = postSolution
		SolutionGuid = {BF2E4ECA-1621-4A3C-BC51-27A7F38955BE}
	EndGlobalSection
EndGlobal
